github.com/SummittDweller/hugo-timeline v0.0.0-20221207133402-a326a70e64d0 h1:fahTSX53ybppAueLqQJKIqq241P3RFHGQMQjX8Vu/q4=
github.com/SummittDweller/hugo-timeline v0.0.0-20221207133402-a326a70e64d0/go.mod h1:NGAIZmXfp65zd8nc1uas64zuypdCauXMNTquJogKgDA=
github.com/SummittDweller/hugo-timeline v0.0.0-20221208043749-f0b3c058dc74 h1:icwJ+vyek2H1pvhPq/eVULop4I449UvC4eZo9hAU2zE=
github.com/SummittDweller/hugo-timeline v0.0.0-20221208043749-f0b3c058dc74/go.mod h1:NGAIZmXfp65zd8nc1uas64zuypdCauXMNTquJogKgDA=
