github.com/SummittDweller/hugo-timeline v0.0.0-20221206191252-cd7178e7e43b h1:eoDgUpiJFO62KM6FXXCgLX4Sb/HcKpram4COu2g01Sk=
github.com/SummittDweller/hugo-timeline v0.0.0-20221206191252-cd7178e7e43b/go.mod h1:NGAIZmXfp65zd8nc1uas64zuypdCauXMNTquJogKgDA=
github.com/SummittDweller/hugo-timeline v0.0.0-20221207032616-bd0626bc8ef2 h1:jrJvjQzMwAuQ0kQfA8AT26PQYPyw6fJAr5x/ofFrOu4=
github.com/SummittDweller/hugo-timeline v0.0.0-20221207032616-bd0626bc8ef2/go.mod h1:NGAIZmXfp65zd8nc1uas64zuypdCauXMNTquJogKgDA=
github.com/SummittDweller/hugo-timeline v0.0.0-20221207133402-a326a70e64d0 h1:fahTSX53ybppAueLqQJKIqq241P3RFHGQMQjX8Vu/q4=
github.com/SummittDweller/hugo-timeline v0.0.0-20221207133402-a326a70e64d0/go.mod h1:NGAIZmXfp65zd8nc1uas64zuypdCauXMNTquJogKgDA=
